# This file is automatically @generated by Poetry 1.8.3 and should not be changed by hand.

[[package]]
name = "jax"
version = "0.4.31"
description = "Differentiate, compile, and transform Numpy code."
optional = false
python-versions = ">=3.10"
files = [
    {file = "jax-0.4.31-py3-none-any.whl", hash = "sha256:5688703735133d0dc537e99a1d646198a49c9d472d4715fde4bd437c44151bd7"},
    {file = "jax-0.4.31.tar.gz", hash = "sha256:fd2d470643a0073d822737f0788f71391656af7e62cc5b2e7995ee390ceac287"},
]

[package.dependencies]
jax-cuda12-plugin = {version = "0.4.31", extras = ["with-cuda"], optional = true, markers = "extra == \"cuda12\""}
jaxlib = [
    {version = ">=0.4.30,<=0.4.31"},
    {version = "0.4.31", optional = true, markers = "extra == \"cuda12\""},
]
ml-dtypes = ">=0.2.0"
numpy = {version = ">=1.26.0", markers = "python_version >= \"3.12\""}
opt-einsum = "*"
scipy = {version = ">=1.11.1", markers = "python_version >= \"3.12\""}

[package.extras]
ci = ["jaxlib (==0.4.30)"]
cuda = ["jax-cuda12-plugin[with-cuda] (==0.4.31)", "jaxlib (==0.4.31)"]
cuda12 = ["jax-cuda12-plugin[with-cuda] (==0.4.31)", "jaxlib (==0.4.31)"]
cuda12-local = ["jax-cuda12-plugin (==0.4.31)", "jaxlib (==0.4.31)"]
cuda12-pip = ["jax-cuda12-plugin[with-cuda] (==0.4.31)", "jaxlib (==0.4.31)"]
minimum-jaxlib = ["jaxlib (==0.4.30)"]
tpu = ["jaxlib (==0.4.31)", "libtpu-nightly (==0.1.dev20240729)", "requests"]

[[package]]
name = "jax-cuda12-pjrt"
version = "0.4.31"
description = "JAX XLA PJRT Plugin for NVIDIA GPUs"
optional = false
python-versions = "*"
files = [
    {file = "jax_cuda12_pjrt-0.4.31-py3-none-manylinux2014_aarch64.whl", hash = "sha256:8961abb381d893a3c2392ad76ab2067a81f8f2514f3b47d2da3ac24283293fe0"},
    {file = "jax_cuda12_pjrt-0.4.31-py3-none-manylinux2014_x86_64.whl", hash = "sha256:3e77d1cfebeca06517254eb568f082037e1a2aa3ed8f63c543492ad8ab5a1585"},
]

[[package]]
name = "jax-cuda12-plugin"
version = "0.4.31"
description = "JAX Plugin for NVIDIA GPUs"
optional = false
python-versions = ">=3.10"
files = [
    {file = "jax_cuda12_plugin-0.4.31-cp310-cp310-manylinux2014_aarch64.whl", hash = "sha256:5cfa46d4106f70c31944c9fafcfa7b04c6f9886a1b35df5477cde7d9c43eb8bd"},
    {file = "jax_cuda12_plugin-0.4.31-cp310-cp310-manylinux2014_x86_64.whl", hash = "sha256:5048acdf29755303b2887d948137fd82891b48cdbc086e67640ebb976457cfcc"},
    {file = "jax_cuda12_plugin-0.4.31-cp311-cp311-manylinux2014_aarch64.whl", hash = "sha256:cdb6d0c4009438a6a6bd7997ab8a1194beda9ae7322b8d265eea9e551b6c2b4e"},
    {file = "jax_cuda12_plugin-0.4.31-cp311-cp311-manylinux2014_x86_64.whl", hash = "sha256:146f26928ca719a0daa14bb9a9f5a5cbfa20211e76ea05b7bb534277a658a995"},
    {file = "jax_cuda12_plugin-0.4.31-cp312-cp312-manylinux2014_aarch64.whl", hash = "sha256:7a179e5e80dd9890972d777d597f3c902c6876e42bcf2edcfe4f3ec5a610472e"},
    {file = "jax_cuda12_plugin-0.4.31-cp312-cp312-manylinux2014_x86_64.whl", hash = "sha256:a3727a332fbeac625ab6d5ae63d0ed9e62d1e0b5011f72130c9bc96e797395d5"},
]

[package.dependencies]
jax-cuda12-pjrt = "0.4.31"
nvidia-cublas-cu12 = {version = ">=12.1.3.1", optional = true, markers = "extra == \"with-cuda\""}
nvidia-cuda-cupti-cu12 = {version = ">=12.1.105", optional = true, markers = "extra == \"with-cuda\""}
nvidia-cuda-nvcc-cu12 = {version = ">=12.1.105", optional = true, markers = "extra == \"with-cuda\""}
nvidia-cuda-runtime-cu12 = {version = ">=12.1.105", optional = true, markers = "extra == \"with-cuda\""}
nvidia-cudnn-cu12 = {version = ">=9.1,<10.0", optional = true, markers = "extra == \"with-cuda\""}
nvidia-cufft-cu12 = {version = ">=11.0.2.54", optional = true, markers = "extra == \"with-cuda\""}
nvidia-cusolver-cu12 = {version = ">=11.4.5.107", optional = true, markers = "extra == \"with-cuda\""}
nvidia-cusparse-cu12 = {version = ">=12.1.0.106", optional = true, markers = "extra == \"with-cuda\""}
nvidia-nccl-cu12 = {version = ">=2.18.1", optional = true, markers = "extra == \"with-cuda\""}
nvidia-nvjitlink-cu12 = {version = ">=12.1.105", optional = true, markers = "extra == \"with-cuda\""}

[package.extras]
with-cuda = ["nvidia-cublas-cu12 (>=12.1.3.1)", "nvidia-cuda-cupti-cu12 (>=12.1.105)", "nvidia-cuda-nvcc-cu12 (>=12.1.105)", "nvidia-cuda-runtime-cu12 (>=12.1.105)", "nvidia-cudnn-cu12 (>=9.1,<10.0)", "nvidia-cufft-cu12 (>=11.0.2.54)", "nvidia-cusolver-cu12 (>=11.4.5.107)", "nvidia-cusparse-cu12 (>=12.1.0.106)", "nvidia-nccl-cu12 (>=2.18.1)", "nvidia-nvjitlink-cu12 (>=12.1.105)"]

[[package]]
name = "jaxlib"
version = "0.4.31"
description = "XLA library for JAX"
optional = false
python-versions = ">=3.10"
files = [
    {file = "jaxlib-0.4.31-cp310-cp310-macosx_10_14_x86_64.whl", hash = "sha256:48ea73cb78341bd4aabbb15e1a076ed61505ec80ab8eb4810e2d34758c400f80"},
    {file = "jaxlib-0.4.31-cp310-cp310-macosx_11_0_arm64.whl", hash = "sha256:bacb86012f9104dd71706266420fd1e5d179d826d0635c95fe31506d605b4537"},
    {file = "jaxlib-0.4.31-cp310-cp310-manylinux2014_aarch64.whl", hash = "sha256:d019023f71dba65127a3016ddc755de4b30f5bc9bd5b632a716a5fb3b00c5e53"},
    {file = "jaxlib-0.4.31-cp310-cp310-manylinux2014_x86_64.whl", hash = "sha256:1b8e9e6970ecc08bd8b4d80c03d882f4dcd4ac119cb2959811ebc58fce1c263d"},
    {file = "jaxlib-0.4.31-cp310-cp310-win_amd64.whl", hash = "sha256:d3540a557c188d23ef93760da482b158ca910124a0445263c3b17c09c114538a"},
    {file = "jaxlib-0.4.31-cp311-cp311-macosx_10_14_x86_64.whl", hash = "sha256:1fd838ff91ea58ec2bdc7b4ecbb921ad501a318fafdeae120e6e7f88f5c20b17"},
    {file = "jaxlib-0.4.31-cp311-cp311-macosx_11_0_arm64.whl", hash = "sha256:86340df8b37729f6fc5742f17761857bb9e59c418c9453e9b090f49f6194cdf9"},
    {file = "jaxlib-0.4.31-cp311-cp311-manylinux2014_aarch64.whl", hash = "sha256:2d2639d210b0b1918dfaabbcc504fc668326e1a6fd1f0eb427c40b039188bbce"},
    {file = "jaxlib-0.4.31-cp311-cp311-manylinux2014_x86_64.whl", hash = "sha256:1db6f8ea35b884f9e7761b006ee9c60ed05be6c75d2e527551f74579cbe11677"},
    {file = "jaxlib-0.4.31-cp311-cp311-win_amd64.whl", hash = "sha256:ceec494df08aaf65b8bbcbd40dd21a6579fa76ca5b851cce46fd7ce0388c0449"},
    {file = "jaxlib-0.4.31-cp312-cp312-macosx_10_14_x86_64.whl", hash = "sha256:185fb615ab6bd95315fbcbd951d84e71f9835d603db8c03c91faee98ce95ff4d"},
    {file = "jaxlib-0.4.31-cp312-cp312-macosx_11_0_arm64.whl", hash = "sha256:c9f89c185287e40ee8173a7142d6495311e772cd139a93dca93f0d99c1872832"},
    {file = "jaxlib-0.4.31-cp312-cp312-manylinux2014_aarch64.whl", hash = "sha256:4d867a1a0565b31cfdaabbec81e0302c6461bb2ac4b92c04670328d795819803"},
    {file = "jaxlib-0.4.31-cp312-cp312-manylinux2014_x86_64.whl", hash = "sha256:1f1afa5fd58a60f67f0ca586e26714aece62eaa2c8334c24d0e8285afc4a7ccd"},
    {file = "jaxlib-0.4.31-cp312-cp312-win_amd64.whl", hash = "sha256:c4bfd15315e30525514b7262d555bea00745b09ac9818bb14c20ef8afbbab072"},
]

[package.dependencies]
ml-dtypes = ">=0.2.0"
numpy = ">=1.24"
scipy = {version = ">=1.11.1", markers = "python_version >= \"3.12\""}

[[package]]
name = "ml-dtypes"
version = "0.4.0"
description = ""
optional = false
python-versions = ">=3.9"
files = [
    {file = "ml_dtypes-0.4.0-cp310-cp310-macosx_10_9_universal2.whl", hash = "sha256:93afe37f3a879d652ec9ef1fc47612388890660a2657fbb5747256c3b818fd81"},
    {file = "ml_dtypes-0.4.0-cp310-cp310-manylinux_2_17_aarch64.manylinux2014_aarch64.whl", hash = "sha256:2bb83fd064db43e67e67d021e547698af4c8d5c6190f2e9b1c53c09f6ff5531d"},
    {file = "ml_dtypes-0.4.0-cp310-cp310-manylinux_2_17_x86_64.manylinux2014_x86_64.whl", hash = "sha256:03e7cda6ef164eed0abb31df69d2c00c3a5ab3e2610b6d4c42183a43329c72a5"},
    {file = "ml_dtypes-0.4.0-cp310-cp310-win_amd64.whl", hash = "sha256:a15d96d090aebb55ee85173d1775ae325a001aab607a76c8ea0b964ccd6b5364"},
    {file = "ml_dtypes-0.4.0-cp311-cp311-macosx_10_9_universal2.whl", hash = "sha256:bdf689be7351cc3c95110c910c1b864002f113e682e44508910c849e144f3df1"},
    {file = "ml_dtypes-0.4.0-cp311-cp311-manylinux_2_17_aarch64.manylinux2014_aarch64.whl", hash = "sha256:c83e4d443962d891d51669ff241d5aaad10a8d3d37a81c5532a45419885d591c"},
    {file = "ml_dtypes-0.4.0-cp311-cp311-manylinux_2_17_x86_64.manylinux2014_x86_64.whl", hash = "sha256:e1e2f4237b459a63c97c2c9f449baa637d7e4c20addff6a9bac486f22432f3b6"},
    {file = "ml_dtypes-0.4.0-cp311-cp311-win_amd64.whl", hash = "sha256:75b4faf99d0711b81f393db36d210b4255fd419f6f790bc6c1b461f95ffb7a9e"},
    {file = "ml_dtypes-0.4.0-cp312-cp312-macosx_10_9_universal2.whl", hash = "sha256:ee9f91d4c4f9959a7e1051c141dc565f39e54435618152219769e24f5e9a4d06"},
    {file = "ml_dtypes-0.4.0-cp312-cp312-manylinux_2_17_aarch64.manylinux2014_aarch64.whl", hash = "sha256:ad6849a2db386b38e4d54fe13eb3293464561780531a918f8ef4c8169170dd49"},
    {file = "ml_dtypes-0.4.0-cp312-cp312-manylinux_2_17_x86_64.manylinux2014_x86_64.whl", hash = "sha256:eaa32979ebfde3a0d7c947cafbf79edc1ec77ac05ad0780ee86c1d8df70f2259"},
    {file = "ml_dtypes-0.4.0-cp312-cp312-win_amd64.whl", hash = "sha256:3b67ec73a697c88c1122038e0de46520e48dc2ec876d42cf61bc5efe3c0b7675"},
    {file = "ml_dtypes-0.4.0-cp39-cp39-macosx_10_9_universal2.whl", hash = "sha256:41affb38fdfe146e3db226cf2953021184d6f0c4ffab52136613e9601706e368"},
    {file = "ml_dtypes-0.4.0-cp39-cp39-manylinux_2_17_aarch64.manylinux2014_aarch64.whl", hash = "sha256:43cf4356a0fe2eeac6d289018d0734e17a403bdf1fd911953c125dd0358edcc0"},
    {file = "ml_dtypes-0.4.0-cp39-cp39-manylinux_2_17_x86_64.manylinux2014_x86_64.whl", hash = "sha256:f1724ddcdf5edbaf615a62110af47407f1719b8d02e68ccee60683acb5f74da1"},
    {file = "ml_dtypes-0.4.0-cp39-cp39-win_amd64.whl", hash = "sha256:723af6346447268a3cf0b7356e963d80ecb5732b5279b2aa3fa4b9fc8297c85e"},
    {file = "ml_dtypes-0.4.0.tar.gz", hash = "sha256:eaf197e72f4f7176a19fe3cb8b61846b38c6757607e7bf9cd4b1d84cd3e74deb"},
]

[package.dependencies]
numpy = {version = ">=1.26.0", markers = "python_version >= \"3.12\""}

[package.extras]
dev = ["absl-py", "pyink", "pylint (>=2.6.0)", "pytest", "pytest-xdist"]

[[package]]
name = "numpy"
version = "2.0.1"
description = "Fundamental package for array computing in Python"
optional = false
python-versions = ">=3.9"
files = [
    {file = "numpy-2.0.1-cp310-cp310-macosx_10_9_x86_64.whl", hash = "sha256:0fbb536eac80e27a2793ffd787895242b7f18ef792563d742c2d673bfcb75134"},
    {file = "numpy-2.0.1-cp310-cp310-macosx_11_0_arm64.whl", hash = "sha256:69ff563d43c69b1baba77af455dd0a839df8d25e8590e79c90fcbe1499ebde42"},
    {file = "numpy-2.0.1-cp310-cp310-macosx_14_0_arm64.whl", hash = "sha256:1b902ce0e0a5bb7704556a217c4f63a7974f8f43e090aff03fcf262e0b135e02"},
    {file = "numpy-2.0.1-cp310-cp310-macosx_14_0_x86_64.whl", hash = "sha256:f1659887361a7151f89e79b276ed8dff3d75877df906328f14d8bb40bb4f5101"},
    {file = "numpy-2.0.1-cp310-cp310-manylinux_2_17_aarch64.manylinux2014_aarch64.whl", hash = "sha256:4658c398d65d1b25e1760de3157011a80375da861709abd7cef3bad65d6543f9"},
    {file = "numpy-2.0.1-cp310-cp310-manylinux_2_17_x86_64.manylinux2014_x86_64.whl", hash = "sha256:4127d4303b9ac9f94ca0441138acead39928938660ca58329fe156f84b9f3015"},
    {file = "numpy-2.0.1-cp310-cp310-musllinux_1_1_x86_64.whl", hash = "sha256:e5eeca8067ad04bc8a2a8731183d51d7cbaac66d86085d5f4766ee6bf19c7f87"},
    {file = "numpy-2.0.1-cp310-cp310-musllinux_1_2_aarch64.whl", hash = "sha256:9adbd9bb520c866e1bfd7e10e1880a1f7749f1f6e5017686a5fbb9b72cf69f82"},
    {file = "numpy-2.0.1-cp310-cp310-win32.whl", hash = "sha256:7b9853803278db3bdcc6cd5beca37815b133e9e77ff3d4733c247414e78eb8d1"},
    {file = "numpy-2.0.1-cp310-cp310-win_amd64.whl", hash = "sha256:81b0893a39bc5b865b8bf89e9ad7807e16717f19868e9d234bdaf9b1f1393868"},
    {file = "numpy-2.0.1-cp311-cp311-macosx_10_9_x86_64.whl", hash = "sha256:75b4e316c5902d8163ef9d423b1c3f2f6252226d1aa5cd8a0a03a7d01ffc6268"},
    {file = "numpy-2.0.1-cp311-cp311-macosx_11_0_arm64.whl", hash = "sha256:6e4eeb6eb2fced786e32e6d8df9e755ce5be920d17f7ce00bc38fcde8ccdbf9e"},
    {file = "numpy-2.0.1-cp311-cp311-macosx_14_0_arm64.whl", hash = "sha256:a1e01dcaab205fbece13c1410253a9eea1b1c9b61d237b6fa59bcc46e8e89343"},
    {file = "numpy-2.0.1-cp311-cp311-macosx_14_0_x86_64.whl", hash = "sha256:a8fc2de81ad835d999113ddf87d1ea2b0f4704cbd947c948d2f5513deafe5a7b"},
    {file = "numpy-2.0.1-cp311-cp311-manylinux_2_17_aarch64.manylinux2014_aarch64.whl", hash = "sha256:5a3d94942c331dd4e0e1147f7a8699a4aa47dffc11bf8a1523c12af8b2e91bbe"},
    {file = "numpy-2.0.1-cp311-cp311-manylinux_2_17_x86_64.manylinux2014_x86_64.whl", hash = "sha256:15eb4eca47d36ec3f78cde0a3a2ee24cf05ca7396ef808dda2c0ddad7c2bde67"},
    {file = "numpy-2.0.1-cp311-cp311-musllinux_1_1_x86_64.whl", hash = "sha256:b83e16a5511d1b1f8a88cbabb1a6f6a499f82c062a4251892d9ad5d609863fb7"},
    {file = "numpy-2.0.1-cp311-cp311-musllinux_1_2_aarch64.whl", hash = "sha256:1f87fec1f9bc1efd23f4227becff04bd0e979e23ca50cc92ec88b38489db3b55"},
    {file = "numpy-2.0.1-cp311-cp311-win32.whl", hash = "sha256:36d3a9405fd7c511804dc56fc32974fa5533bdeb3cd1604d6b8ff1d292b819c4"},
    {file = "numpy-2.0.1-cp311-cp311-win_amd64.whl", hash = "sha256:08458fbf403bff5e2b45f08eda195d4b0c9b35682311da5a5a0a0925b11b9bd8"},
    {file = "numpy-2.0.1-cp312-cp312-macosx_10_9_x86_64.whl", hash = "sha256:6bf4e6f4a2a2e26655717a1983ef6324f2664d7011f6ef7482e8c0b3d51e82ac"},
    {file = "numpy-2.0.1-cp312-cp312-macosx_11_0_arm64.whl", hash = "sha256:7d6fddc5fe258d3328cd8e3d7d3e02234c5d70e01ebe377a6ab92adb14039cb4"},
    {file = "numpy-2.0.1-cp312-cp312-macosx_14_0_arm64.whl", hash = "sha256:5daab361be6ddeb299a918a7c0864fa8618af66019138263247af405018b04e1"},
    {file = "numpy-2.0.1-cp312-cp312-macosx_14_0_x86_64.whl", hash = "sha256:ea2326a4dca88e4a274ba3a4405eb6c6467d3ffbd8c7d38632502eaae3820587"},
    {file = "numpy-2.0.1-cp312-cp312-manylinux_2_17_aarch64.manylinux2014_aarch64.whl", hash = "sha256:529af13c5f4b7a932fb0e1911d3a75da204eff023ee5e0e79c1751564221a5c8"},
    {file = "numpy-2.0.1-cp312-cp312-manylinux_2_17_x86_64.manylinux2014_x86_64.whl", hash = "sha256:6790654cb13eab303d8402354fabd47472b24635700f631f041bd0b65e37298a"},
    {file = "numpy-2.0.1-cp312-cp312-musllinux_1_1_x86_64.whl", hash = "sha256:cbab9fc9c391700e3e1287666dfd82d8666d10e69a6c4a09ab97574c0b7ee0a7"},
    {file = "numpy-2.0.1-cp312-cp312-musllinux_1_2_aarch64.whl", hash = "sha256:99d0d92a5e3613c33a5f01db206a33f8fdf3d71f2912b0de1739894668b7a93b"},
    {file = "numpy-2.0.1-cp312-cp312-win32.whl", hash = "sha256:173a00b9995f73b79eb0191129f2455f1e34c203f559dd118636858cc452a1bf"},
    {file = "numpy-2.0.1-cp312-cp312-win_amd64.whl", hash = "sha256:bb2124fdc6e62baae159ebcfa368708867eb56806804d005860b6007388df171"},
    {file = "numpy-2.0.1-cp39-cp39-macosx_10_9_x86_64.whl", hash = "sha256:bfc085b28d62ff4009364e7ca34b80a9a080cbd97c2c0630bb5f7f770dae9414"},
    {file = "numpy-2.0.1-cp39-cp39-macosx_11_0_arm64.whl", hash = "sha256:8fae4ebbf95a179c1156fab0b142b74e4ba4204c87bde8d3d8b6f9c34c5825ef"},
    {file = "numpy-2.0.1-cp39-cp39-macosx_14_0_arm64.whl", hash = "sha256:72dc22e9ec8f6eaa206deb1b1355eb2e253899d7347f5e2fae5f0af613741d06"},
    {file = "numpy-2.0.1-cp39-cp39-macosx_14_0_x86_64.whl", hash = "sha256:ec87f5f8aca726117a1c9b7083e7656a9d0d606eec7299cc067bb83d26f16e0c"},
    {file = "numpy-2.0.1-cp39-cp39-manylinux_2_17_aarch64.manylinux2014_aarch64.whl", hash = "sha256:1f682ea61a88479d9498bf2091fdcd722b090724b08b31d63e022adc063bad59"},
    {file = "numpy-2.0.1-cp39-cp39-manylinux_2_17_x86_64.manylinux2014_x86_64.whl", hash = "sha256:8efc84f01c1cd7e34b3fb310183e72fcdf55293ee736d679b6d35b35d80bba26"},
    {file = "numpy-2.0.1-cp39-cp39-musllinux_1_1_x86_64.whl", hash = "sha256:3fdabe3e2a52bc4eff8dc7a5044342f8bd9f11ef0934fcd3289a788c0eb10018"},
    {file = "numpy-2.0.1-cp39-cp39-musllinux_1_2_aarch64.whl", hash = "sha256:24a0e1befbfa14615b49ba9659d3d8818a0f4d8a1c5822af8696706fbda7310c"},
    {file = "numpy-2.0.1-cp39-cp39-win32.whl", hash = "sha256:f9cf5ea551aec449206954b075db819f52adc1638d46a6738253a712d553c7b4"},
    {file = "numpy-2.0.1-cp39-cp39-win_amd64.whl", hash = "sha256:e9e81fa9017eaa416c056e5d9e71be93d05e2c3c2ab308d23307a8bc4443c368"},
    {file = "numpy-2.0.1-pp39-pypy39_pp73-macosx_10_9_x86_64.whl", hash = "sha256:61728fba1e464f789b11deb78a57805c70b2ed02343560456190d0501ba37b0f"},
    {file = "numpy-2.0.1-pp39-pypy39_pp73-macosx_14_0_x86_64.whl", hash = "sha256:12f5d865d60fb9734e60a60f1d5afa6d962d8d4467c120a1c0cda6eb2964437d"},
    {file = "numpy-2.0.1-pp39-pypy39_pp73-manylinux_2_17_x86_64.manylinux2014_x86_64.whl", hash = "sha256:eacf3291e263d5a67d8c1a581a8ebbcfd6447204ef58828caf69a5e3e8c75990"},
    {file = "numpy-2.0.1-pp39-pypy39_pp73-win_amd64.whl", hash = "sha256:2c3a346ae20cfd80b6cfd3e60dc179963ef2ea58da5ec074fd3d9e7a1e7ba97f"},
    {file = "numpy-2.0.1.tar.gz", hash = "sha256:485b87235796410c3519a699cfe1faab097e509e90ebb05dcd098db2ae87e7b3"},
]

[[package]]
name = "nvidia-cublas-cu12"
version = "12.6.0.22"
description = "CUBLAS native runtime libraries"
optional = false
python-versions = ">=3"
files = [
    {file = "nvidia_cublas_cu12-12.6.0.22-py3-none-manylinux2014_aarch64.whl", hash = "sha256:43f9c1c0a1fbbf416b96d1ae2547612458b82e460eeab1b3293950b82c90ff3f"},
    {file = "nvidia_cublas_cu12-12.6.0.22-py3-none-manylinux2014_x86_64.whl", hash = "sha256:1383c8ff44c68da27eb79224d1ce9d6e3c616563adf11cdb468cca3449fdd3e4"},
    {file = "nvidia_cublas_cu12-12.6.0.22-py3-none-win_amd64.whl", hash = "sha256:6c3620a0477564c777287ac4fa0eec0ce01577467cb5f8b8cfbc201b150c91f9"},
]

[[package]]
name = "nvidia-cuda-cupti-cu12"
version = "12.6.37"
description = "CUDA profiling tools runtime libs."
optional = false
python-versions = ">=3"
files = [
    {file = "nvidia_cuda_cupti_cu12-12.6.37-py3-none-manylinux2014_aarch64.whl", hash = "sha256:4e9ca052bff2adf2e16c355f5c34a3ab1c3450d1685abbbfce1dd790e1e58fc1"},
    {file = "nvidia_cuda_cupti_cu12-12.6.37-py3-none-manylinux2014_x86_64.whl", hash = "sha256:29430c14b7f3ace887043a246d94871eb8caaab13a17a513410d0169de2c7252"},
    {file = "nvidia_cuda_cupti_cu12-12.6.37-py3-none-win_amd64.whl", hash = "sha256:3c41904660659f8a0964420f23ecd012e02de760a378e7f12a0f90af02848101"},
]

[[package]]
name = "nvidia-cuda-nvcc-cu12"
version = "12.6.20"
description = "CUDA nvcc"
optional = false
python-versions = ">=3"
files = [
    {file = "nvidia_cuda_nvcc_cu12-12.6.20-py3-none-manylinux2014_aarch64.whl", hash = "sha256:e932db79f91749cbb38c66648cf588b60753a0b150091ee0e28e34df8ea7fda8"},
    {file = "nvidia_cuda_nvcc_cu12-12.6.20-py3-none-manylinux2014_x86_64.whl", hash = "sha256:695d4e6b25aa6550b72f1b9377a7832da2c685e0e2a641e3aaeed7aacf3d7efa"},
    {file = "nvidia_cuda_nvcc_cu12-12.6.20-py3-none-win_amd64.whl", hash = "sha256:931b3c53acfc772773b55dd9ed3b46d6b8af34d10087ed99f592c9c140cf8f50"},
]

[[package]]
name = "nvidia-cuda-runtime-cu12"
version = "12.6.37"
description = "CUDA Runtime native Libraries"
optional = false
python-versions = ">=3"
files = [
    {file = "nvidia_cuda_runtime_cu12-12.6.37-py3-none-manylinux2014_aarch64.whl", hash = "sha256:c2907057c5fc2e5906b9fcee440a1b41bc9a1e9cb7f821d060199c0d716a284f"},
    {file = "nvidia_cuda_runtime_cu12-12.6.37-py3-none-manylinux2014_x86_64.whl", hash = "sha256:e98261a2c152248c801a7c967df70f5558fab42f8cb7a92559d72ffcdbbea386"},
    {file = "nvidia_cuda_runtime_cu12-12.6.37-py3-none-win_amd64.whl", hash = "sha256:32607ecf2701d934c79088a1c7ca53f179d33c602ad97f94d8de86c4e6a12374"},
]

[[package]]
name = "nvidia-cudnn-cu12"
version = "9.3.0.75"
description = "cuDNN runtime libraries"
optional = false
python-versions = ">=3"
files = [
    {file = "nvidia_cudnn_cu12-9.3.0.75-py3-none-manylinux2014_aarch64.whl", hash = "sha256:c5cf7ff3415e446adf195a5b7dd2ba56cd00c3ee78bfdc566e51698931aa4b7f"},
    {file = "nvidia_cudnn_cu12-9.3.0.75-py3-none-manylinux2014_x86_64.whl", hash = "sha256:9ad9c6929ebb5295eb4a1728024666d1c88283373e265a0c5c883e6f9d5cd76d"},
    {file = "nvidia_cudnn_cu12-9.3.0.75-py3-none-win_amd64.whl", hash = "sha256:c819e82eed8cf564b9d37478ea4eab9e87194bb3b7f7f8098bc1f67c9b80f1b6"},
]

[package.dependencies]
nvidia-cublas-cu12 = "*"

[[package]]
name = "nvidia-cufft-cu12"
version = "11.2.6.28"
description = "CUFFT native runtime libraries"
optional = false
python-versions = ">=3"
files = [
    {file = "nvidia_cufft_cu12-11.2.6.28-py3-none-manylinux2014_aarch64.whl", hash = "sha256:3fbfd397dab5af34f04cc018cd67f519a3c6ede2c5be86874cc25a860f30a225"},
    {file = "nvidia_cufft_cu12-11.2.6.28-py3-none-manylinux2014_x86_64.whl", hash = "sha256:f2a60cecfa55c1cec80fde166ff59269b33eb34177c3fcea5bcf346f2d5a1aa2"},
    {file = "nvidia_cufft_cu12-11.2.6.28-py3-none-win_amd64.whl", hash = "sha256:29994499151d8a18227cd1afd37989e5efe1a5806dce13f55cb9f489312ee47f"},
]

[package.dependencies]
nvidia-nvjitlink-cu12 = "*"

[[package]]
name = "nvidia-cusolver-cu12"
version = "11.6.4.38"
description = "CUDA solver native runtime libraries"
optional = false
python-versions = ">=3"
files = [
    {file = "nvidia_cusolver_cu12-11.6.4.38-py3-none-manylinux2014_aarch64.whl", hash = "sha256:33473bfbcb00e73ae155eb2b949043496ec9d8b3b6d3e4dd3527f2bdf384757d"},
    {file = "nvidia_cusolver_cu12-11.6.4.38-py3-none-manylinux2014_x86_64.whl", hash = "sha256:53df36d3986f51a4665e748154ab226505da4783e0588a60f70b5dc5787b560d"},
    {file = "nvidia_cusolver_cu12-11.6.4.38-py3-none-win_amd64.whl", hash = "sha256:9796b2b78eda9113c1fef3cde43923d087d39aa0ad0a1d8c7b42a27110ba24be"},
]

[package.dependencies]
nvidia-cublas-cu12 = "*"
nvidia-cusparse-cu12 = "*"
nvidia-nvjitlink-cu12 = "*"

[[package]]
name = "nvidia-cusparse-cu12"
version = "12.5.2.23"
description = "CUSPARSE native runtime libraries"
optional = false
python-versions = ">=3"
files = [
    {file = "nvidia_cusparse_cu12-12.5.2.23-py3-none-manylinux2014_aarch64.whl", hash = "sha256:11f5c17196aa92a928e88f9bad5804f8f38de533d27b91c5f1118c74cf67b3ae"},
    {file = "nvidia_cusparse_cu12-12.5.2.23-py3-none-manylinux2014_x86_64.whl", hash = "sha256:506ca7d6dfc7b2a436f00c23485c0810b33b0c925f4f1337b57acb19e181e9f9"},
    {file = "nvidia_cusparse_cu12-12.5.2.23-py3-none-win_amd64.whl", hash = "sha256:a5b425edb8d75e7b30498855434f3b0b8bde0d2321c3ee4b9d9258a85ed4276d"},
]

[package.dependencies]
nvidia-nvjitlink-cu12 = "*"

[[package]]
name = "nvidia-nccl-cu12"
version = "2.22.3"
description = "NVIDIA Collective Communication Library (NCCL) Runtime"
optional = false
python-versions = ">=3"
files = [
    {file = "nvidia_nccl_cu12-2.22.3-py3-none-manylinux2014_x86_64.whl", hash = "sha256:f9f5e03c00269dee2cd1aa57019f9a024478a74ae6e9b32d5341c849fe6f6302"},
]

[[package]]
name = "nvidia-nvjitlink-cu12"
version = "12.6.20"
description = "Nvidia JIT LTO Library"
optional = false
python-versions = ">=3"
files = [
    {file = "nvidia_nvjitlink_cu12-12.6.20-py3-none-manylinux2014_aarch64.whl", hash = "sha256:84fb38465a5bc7c70cbc320cfd0963eb302ee25a5e939e9f512bbba55b6072fb"},
    {file = "nvidia_nvjitlink_cu12-12.6.20-py3-none-manylinux2014_x86_64.whl", hash = "sha256:562ab97ea2c23164823b2a89cb328d01d45cb99634b8c65fe7cd60d14562bd79"},
    {file = "nvidia_nvjitlink_cu12-12.6.20-py3-none-win_amd64.whl", hash = "sha256:ed3c43a17f37b0c922a919203d2d36cbef24d41cc3e6b625182f8b58203644f6"},
]

[[package]]
name = "opt-einsum"
version = "3.3.0"
description = "Optimizing numpys einsum function"
optional = false
python-versions = ">=3.5"
files = [
    {file = "opt_einsum-3.3.0-py3-none-any.whl", hash = "sha256:2455e59e3947d3c275477df7f5205b30635e266fe6dc300e3d9f9646bfcea147"},
    {file = "opt_einsum-3.3.0.tar.gz", hash = "sha256:59f6475f77bbc37dcf7cd748519c0ec60722e91e63ca114e68821c0c54a46549"},
]

[package.dependencies]
numpy = ">=1.7"

[package.extras]
docs = ["numpydoc", "sphinx (==1.2.3)", "sphinx-rtd-theme", "sphinxcontrib-napoleon"]
tests = ["pytest", "pytest-cov", "pytest-pep8"]

[[package]]
name = "scipy"
version = "1.14.0"
description = "Fundamental algorithms for scientific computing in Python"
optional = false
python-versions = ">=3.10"
files = [
    {file = "scipy-1.14.0-cp310-cp310-macosx_10_9_x86_64.whl", hash = "sha256:7e911933d54ead4d557c02402710c2396529540b81dd554fc1ba270eb7308484"},
    {file = "scipy-1.14.0-cp310-cp310-macosx_12_0_arm64.whl", hash = "sha256:687af0a35462402dd851726295c1a5ae5f987bd6e9026f52e9505994e2f84ef6"},
    {file = "scipy-1.14.0-cp310-cp310-macosx_14_0_arm64.whl", hash = "sha256:07e179dc0205a50721022344fb85074f772eadbda1e1b3eecdc483f8033709b7"},
    {file = "scipy-1.14.0-cp310-cp310-macosx_14_0_x86_64.whl", hash = "sha256:6a9c9a9b226d9a21e0a208bdb024c3982932e43811b62d202aaf1bb59af264b1"},
    {file = "scipy-1.14.0-cp310-cp310-manylinux_2_17_aarch64.manylinux2014_aarch64.whl", hash = "sha256:076c27284c768b84a45dcf2e914d4000aac537da74236a0d45d82c6fa4b7b3c0"},
    {file = "scipy-1.14.0-cp310-cp310-manylinux_2_17_x86_64.manylinux2014_x86_64.whl", hash = "sha256:42470ea0195336df319741e230626b6225a740fd9dce9642ca13e98f667047c0"},
    {file = "scipy-1.14.0-cp310-cp310-musllinux_1_1_x86_64.whl", hash = "sha256:176c6f0d0470a32f1b2efaf40c3d37a24876cebf447498a4cefb947a79c21e9d"},
    {file = "scipy-1.14.0-cp310-cp310-win_amd64.whl", hash = "sha256:ad36af9626d27a4326c8e884917b7ec321d8a1841cd6dacc67d2a9e90c2f0359"},
    {file = "scipy-1.14.0-cp311-cp311-macosx_10_9_x86_64.whl", hash = "sha256:6d056a8709ccda6cf36cdd2eac597d13bc03dba38360f418560a93050c76a16e"},
    {file = "scipy-1.14.0-cp311-cp311-macosx_12_0_arm64.whl", hash = "sha256:f0a50da861a7ec4573b7c716b2ebdcdf142b66b756a0d392c236ae568b3a93fb"},
    {file = "scipy-1.14.0-cp311-cp311-macosx_14_0_arm64.whl", hash = "sha256:94c164a9e2498e68308e6e148646e486d979f7fcdb8b4cf34b5441894bdb9caf"},
    {file = "scipy-1.14.0-cp311-cp311-macosx_14_0_x86_64.whl", hash = "sha256:a7d46c3e0aea5c064e734c3eac5cf9eb1f8c4ceee756262f2c7327c4c2691c86"},
    {file = "scipy-1.14.0-cp311-cp311-manylinux_2_17_aarch64.manylinux2014_aarch64.whl", hash = "sha256:9eee2989868e274aae26125345584254d97c56194c072ed96cb433f32f692ed8"},
    {file = "scipy-1.14.0-cp311-cp311-manylinux_2_17_x86_64.manylinux2014_x86_64.whl", hash = "sha256:9e3154691b9f7ed73778d746da2df67a19d046a6c8087c8b385bc4cdb2cfca74"},
    {file = "scipy-1.14.0-cp311-cp311-musllinux_1_1_x86_64.whl", hash = "sha256:c40003d880f39c11c1edbae8144e3813904b10514cd3d3d00c277ae996488cdb"},
    {file = "scipy-1.14.0-cp311-cp311-win_amd64.whl", hash = "sha256:5b083c8940028bb7e0b4172acafda6df762da1927b9091f9611b0bcd8676f2bc"},
    {file = "scipy-1.14.0-cp312-cp312-macosx_10_9_x86_64.whl", hash = "sha256:bff2438ea1330e06e53c424893ec0072640dac00f29c6a43a575cbae4c99b2b9"},
    {file = "scipy-1.14.0-cp312-cp312-macosx_12_0_arm64.whl", hash = "sha256:bbc0471b5f22c11c389075d091d3885693fd3f5e9a54ce051b46308bc787e5d4"},
    {file = "scipy-1.14.0-cp312-cp312-macosx_14_0_arm64.whl", hash = "sha256:64b2ff514a98cf2bb734a9f90d32dc89dc6ad4a4a36a312cd0d6327170339eb0"},
    {file = "scipy-1.14.0-cp312-cp312-macosx_14_0_x86_64.whl", hash = "sha256:7d3da42fbbbb860211a811782504f38ae7aaec9de8764a9bef6b262de7a2b50f"},
    {file = "scipy-1.14.0-cp312-cp312-manylinux_2_17_aarch64.manylinux2014_aarch64.whl", hash = "sha256:d91db2c41dd6c20646af280355d41dfa1ec7eead235642178bd57635a3f82209"},
    {file = "scipy-1.14.0-cp312-cp312-manylinux_2_17_x86_64.manylinux2014_x86_64.whl", hash = "sha256:a01cc03bcdc777c9da3cfdcc74b5a75caffb48a6c39c8450a9a05f82c4250a14"},
    {file = "scipy-1.14.0-cp312-cp312-musllinux_1_1_x86_64.whl", hash = "sha256:65df4da3c12a2bb9ad52b86b4dcf46813e869afb006e58be0f516bc370165159"},
    {file = "scipy-1.14.0-cp312-cp312-win_amd64.whl", hash = "sha256:4c4161597c75043f7154238ef419c29a64ac4a7c889d588ea77690ac4d0d9b20"},
    {file = "scipy-1.14.0.tar.gz", hash = "sha256:b5923f48cb840380f9854339176ef21763118a7300a88203ccd0bdd26e58527b"},
]

[package.dependencies]
numpy = ">=1.23.5,<2.3"

[package.extras]
dev = ["cython-lint (>=0.12.2)", "doit (>=0.36.0)", "mypy (==1.10.0)", "pycodestyle", "pydevtool", "rich-click", "ruff (>=0.0.292)", "types-psutil", "typing_extensions"]
doc = ["jupyterlite-pyodide-kernel", "jupyterlite-sphinx (>=0.13.1)", "jupytext", "matplotlib (>=3.5)", "myst-nb", "numpydoc", "pooch", "pydata-sphinx-theme (>=0.15.2)", "sphinx (>=5.0.0)", "sphinx-design (>=0.4.0)"]
test = ["Cython", "array-api-strict", "asv", "gmpy2", "hypothesis (>=6.30)", "meson", "mpmath", "ninja", "pooch", "pytest", "pytest-cov", "pytest-timeout", "pytest-xdist", "scikit-umfpack", "threadpoolctl"]

[metadata]
lock-version = "2.0"
python-versions = "^3.12"
content-hash = "1de71479eb28388291eccd1cc8d499a756e14c7a95609b6d6454fe6ba944cdc4"
